
Microsoft Visual Studio Solution File, Format Version 12.00
# Visual Studio 15
VisualStudioVersion = 15.0.28010.2041
MinimumVisualStudioVersion = 10.0.40219.1
Project("{FAE04EC0-301F-11D3-BF4B-00C04F79EFBC}") = "Stopwatch", "Stopwatch\Stopwatch.csproj", "{85AC123E-AF3F-46EE-89F2-740512E16ADF}"
EndProject
Global
	GlobalSection(SolutionConfigurationPlatforms) = preSolution
		Debug|Any CPU = Debug|Any CPU
		Release|Any CPU = Release|Any CPU
	EndGlobalSection
	GlobalSection(ProjectConfigurationPlatforms) = postSolution
		{85AC123E-AF3F-46EE-89F2-740512E16ADF}.Debug|Any CPU.ActiveCfg = Debug|Any CPU
		{85AC123E-AF3F-46EE-89F2-740512E16ADF}.Debug|Any CPU.Build.0 = Debug|Any CPU
		{85AC123E-AF3F-46EE-89F2-740512E16ADF}.Release|Any CPU.ActiveCfg = Release|Any CPU
		{85AC123E-AF3F-46EE-89F2-740512E16ADF}.Release|Any CPU.Build.0 = Release|Any CPU
	EndGlobalSection
	GlobalSection(SolutionProperties) = preSolution
		HideSolutionNode = FALSE
	EndGlobalSection
	GlobalSection(ExtensibilityGlobals) = postSolution
		SolutionGuid = {9D0096FB-6E6F-4608-8432-8B35652D8A6D}
	EndGlobalSection
EndGlobal
